
Microsoft Visual Studio Solution File, Format Version 12.00
# Visual Studio Version 16
VisualStudioVersion = 16.0.32106.194
MinimumVisualStudioVersion = 10.0.40219.1
Project("{9A19103F-16F7-4668-BE54-9A1E7A4F7556}") = "RestSharpHomeWork", "RestSharpHomeWork\RestSharpHomeWork.csproj", "{A24447AB-D7D7-492D-8BDC-9E5F8D578393}"
EndProject
Global
	GlobalSection(SolutionConfigurationPlatforms) = preSolution
		Debug|Any CPU = Debug|Any CPU
		Release|Any CPU = Release|Any CPU
	EndGlobalSection
	GlobalSection(ProjectConfigurationPlatforms) = postSolution
		{A24447AB-D7D7-492D-8BDC-9E5F8D578393}.Debug|Any CPU.ActiveCfg = Debug|Any CPU
		{A24447AB-D7D7-492D-8BDC-9E5F8D578393}.Debug|Any CPU.Build.0 = Debug|Any CPU
		{A24447AB-D7D7-492D-8BDC-9E5F8D578393}.Release|Any CPU.ActiveCfg = Release|Any CPU
		{A24447AB-D7D7-492D-8BDC-9E5F8D578393}.Release|Any CPU.Build.0 = Release|Any CPU
	EndGlobalSection
	GlobalSection(SolutionProperties) = preSolution
		HideSolutionNode = FALSE
	EndGlobalSection
	GlobalSection(ExtensibilityGlobals) = postSolution
		SolutionGuid = {5F51813E-E72E-49EF-BD47-446A0974E6C3}
	EndGlobalSection
EndGlobal
